
Microsoft Visual Studio Solution File, Format Version 12.00
# Visual Studio 15
VisualStudioVersion = 15.0.27703.2000
MinimumVisualStudioVersion = 10.0.40219.1
Project("{FAE04EC0-301F-11D3-BF4B-00C04F79EFBC}") = "BakToDoFuture", "BakToDoFuture\BakToDoFuture.csproj", "{F29D6BBB-F760-445C-94BB-49D1D39389F4}"
EndProject
Global
	GlobalSection(SolutionConfigurationPlatforms) = preSolution
		Debug|Any CPU = Debug|Any CPU
		Release|Any CPU = Release|Any CPU
	EndGlobalSection
	GlobalSection(ProjectConfigurationPlatforms) = postSolution
		{F29D6BBB-F760-445C-94BB-49D1D39389F4}.Debug|Any CPU.ActiveCfg = Debug|Any CPU
		{F29D6BBB-F760-445C-94BB-49D1D39389F4}.Debug|Any CPU.Build.0 = Debug|Any CPU
		{F29D6BBB-F760-445C-94BB-49D1D39389F4}.Release|Any CPU.ActiveCfg = Release|Any CPU
		{F29D6BBB-F760-445C-94BB-49D1D39389F4}.Release|Any CPU.Build.0 = Release|Any CPU
	EndGlobalSection
	GlobalSection(SolutionProperties) = preSolution
		HideSolutionNode = FALSE
	EndGlobalSection
	GlobalSection(ExtensibilityGlobals) = postSolution
		SolutionGuid = {42717289-D39C-4768-A3E8-F382C50975FB}
	EndGlobalSection
EndGlobal
